
Microsoft Visual Studio Solution File, Format Version 11.00
# Visual Studio 2010
Project("{FAE04EC0-301F-11D3-BF4B-00C04F79EFBC}") = "Move Mouse", "Move Mouse\Move Mouse.csproj", "{5F138C5F-255A-4B0F-BFFD-7F49993571E7}"
EndProject
Global
	GlobalSection(SolutionConfigurationPlatforms) = preSolution
		Debug|Any CPU = Debug|Any CPU
		Release|Any CPU = Release|Any CPU
	EndGlobalSection
	GlobalSection(ProjectConfigurationPlatforms) = postSolution
		{5F138C5F-255A-4B0F-BFFD-7F49993571E7}.Debug|Any CPU.ActiveCfg = Debug|Any CPU
		{5F138C5F-255A-4B0F-BFFD-7F49993571E7}.Debug|Any CPU.Build.0 = Debug|Any CPU
		{5F138C5F-255A-4B0F-BFFD-7F49993571E7}.Release|Any CPU.ActiveCfg = Release|Any CPU
		{5F138C5F-255A-4B0F-BFFD-7F49993571E7}.Release|Any CPU.Build.0 = Release|Any CPU
	EndGlobalSection
	GlobalSection(SolutionProperties) = preSolution
		HideSolutionNode = FALSE
	EndGlobalSection
EndGlobal
